
Microsoft Visual Studio Solution File, Format Version 12.00
# Visual Studio Version 17
VisualStudioVersion = 17.8.34511.84
MinimumVisualStudioVersion = 10.0.40219.1
Project("{2150E333-8FDC-42A3-9474-1A3956D46DE8}") = "src", "src", "{DA19A0A0-3962-4B7F-A30B-48D2330D83AA}"
EndProject
Project("{9A19103F-16F7-4668-BE54-9A1E7A4F7556}") = "Kinetic.WebUI", "src\Kinetic.WebUI\Kinetic.WebUI.csproj", "{F6F46FD5-6BAE-4768-969D-94CB88FF5AFA}"
EndProject
Project("{9A19103F-16F7-4668-BE54-9A1E7A4F7556}") = "Kinetic.WebAPI", "src\Kinetic.WebAPI\Kinetic.WebAPI.csproj", "{AA17D730-90E9-4EBF-AFD4-6F3BDDF1EB2D}"
EndProject
Project("{2150E333-8FDC-42A3-9474-1A3956D46DE8}") = "tests", "tests", "{33277444-9744-4531-BAC7-87ED3570BBD0}"
EndProject
Project("{9A19103F-16F7-4668-BE54-9A1E7A4F7556}") = "Kinetic.Infrastructure.Data", "src\Kinetic.Infrastructure.Data\Kinetic.Infrastructure.Data.csproj", "{8E40D555-600C-4F9E-A2AF-95ABBF973D8B}"
EndProject
Project("{9A19103F-16F7-4668-BE54-9A1E7A4F7556}") = "Kinetic.Core", "src\Kinetic.Core\Kinetic.Core.csproj", "{CFB93466-491B-40C7-B71D-D901243C5C44}"
EndProject
Project("{9A19103F-16F7-4668-BE54-9A1E7A4F7556}") = "Kinetic.Infrastructure", "src\Kinetic.Infrastructure\Kinetic.Infrastructure.csproj", "{9B2038A3-EFFC-4105-AEDE-868EEE957E6F}"
EndProject
Project("{9A19103F-16F7-4668-BE54-9A1E7A4F7556}") = "Kinetic.Shared", "src\Kinetic.Shared\Kinetic.Shared.csproj", "{D89064AC-A164-450B-AB38-87A5882D604D}"
EndProject
Project("{9A19103F-16F7-4668-BE54-9A1E7A4F7556}") = "Kinetic.Tests", "tests\Kinetic.Tests\Kinetic.Tests.csproj", "{D0249BEE-0338-4F42-AE50-8D08C8B2A07D}"
EndProject
Project("{9A19103F-16F7-4668-BE54-9A1E7A4F7556}") = "Kinetic.Application", "src\Kinetic.Application\Kinetic.Application.csproj", "{3EBED92F-6D71-4A96-A7D4-9028A71D2135}"
EndProject
Project("{9A19103F-16F7-4668-BE54-9A1E7A4F7556}") = "Kinetic.Infrastructure.Identity", "src\Kinetic.Infrastructure.Identity\Kinetic.Infrastructure.Identity.csproj", "{91CBBA2E-ADEE-466C-B142-922695A98DAC}"
EndProject
Project("{9A19103F-16F7-4668-BE54-9A1E7A4F7556}") = "Kinetic.IdentityServer", "src\Kinetic.IdentityServer\Kinetic.IdentityServer.csproj", "{22AE8E7F-2EC6-4F95-99E2-DEE8AD98FC7C}"
EndProject
Global
	GlobalSection(SolutionConfigurationPlatforms) = preSolution
		Debug|Any CPU = Debug|Any CPU
		Release|Any CPU = Release|Any CPU
	EndGlobalSection
	GlobalSection(ProjectConfigurationPlatforms) = postSolution
		{F6F46FD5-6BAE-4768-969D-94CB88FF5AFA}.Debug|Any CPU.ActiveCfg = Debug|Any CPU
		{F6F46FD5-6BAE-4768-969D-94CB88FF5AFA}.Debug|Any CPU.Build.0 = Debug|Any CPU
		{F6F46FD5-6BAE-4768-969D-94CB88FF5AFA}.Release|Any CPU.ActiveCfg = Release|Any CPU
		{F6F46FD5-6BAE-4768-969D-94CB88FF5AFA}.Release|Any CPU.Build.0 = Release|Any CPU
		{AA17D730-90E9-4EBF-AFD4-6F3BDDF1EB2D}.Debug|Any CPU.ActiveCfg = Debug|Any CPU
		{AA17D730-90E9-4EBF-AFD4-6F3BDDF1EB2D}.Debug|Any CPU.Build.0 = Debug|Any CPU
		{AA17D730-90E9-4EBF-AFD4-6F3BDDF1EB2D}.Release|Any CPU.ActiveCfg = Release|Any CPU
		{AA17D730-90E9-4EBF-AFD4-6F3BDDF1EB2D}.Release|Any CPU.Build.0 = Release|Any CPU
		{8E40D555-600C-4F9E-A2AF-95ABBF973D8B}.Debug|Any CPU.ActiveCfg = Debug|Any CPU
		{8E40D555-600C-4F9E-A2AF-95ABBF973D8B}.Debug|Any CPU.Build.0 = Debug|Any CPU
		{8E40D555-600C-4F9E-A2AF-95ABBF973D8B}.Release|Any CPU.ActiveCfg = Release|Any CPU
		{8E40D555-600C-4F9E-A2AF-95ABBF973D8B}.Release|Any CPU.Build.0 = Release|Any CPU
		{CFB93466-491B-40C7-B71D-D901243C5C44}.Debug|Any CPU.ActiveCfg = Debug|Any CPU
		{CFB93466-491B-40C7-B71D-D901243C5C44}.Debug|Any CPU.Build.0 = Debug|Any CPU
		{CFB93466-491B-40C7-B71D-D901243C5C44}.Release|Any CPU.ActiveCfg = Release|Any CPU
		{CFB93466-491B-40C7-B71D-D901243C5C44}.Release|Any CPU.Build.0 = Release|Any CPU
		{9B2038A3-EFFC-4105-AEDE-868EEE957E6F}.Debug|Any CPU.ActiveCfg = Debug|Any CPU
		{9B2038A3-EFFC-4105-AEDE-868EEE957E6F}.Debug|Any CPU.Build.0 = Debug|Any CPU
		{9B2038A3-EFFC-4105-AEDE-868EEE957E6F}.Release|Any CPU.ActiveCfg = Release|Any CPU
		{9B2038A3-EFFC-4105-AEDE-868EEE957E6F}.Release|Any CPU.Build.0 = Release|Any CPU
		{D89064AC-A164-450B-AB38-87A5882D604D}.Debug|Any CPU.ActiveCfg = Debug|Any CPU
		{D89064AC-A164-450B-AB38-87A5882D604D}.Debug|Any CPU.Build.0 = Debug|Any CPU
		{D89064AC-A164-450B-AB38-87A5882D604D}.Release|Any CPU.ActiveCfg = Release|Any CPU
		{D89064AC-A164-450B-AB38-87A5882D604D}.Release|Any CPU.Build.0 = Release|Any CPU
		{D0249BEE-0338-4F42-AE50-8D08C8B2A07D}.Debug|Any CPU.ActiveCfg = Debug|Any CPU
		{D0249BEE-0338-4F42-AE50-8D08C8B2A07D}.Debug|Any CPU.Build.0 = Debug|Any CPU
		{D0249BEE-0338-4F42-AE50-8D08C8B2A07D}.Release|Any CPU.ActiveCfg = Release|Any CPU
		{D0249BEE-0338-4F42-AE50-8D08C8B2A07D}.Release|Any CPU.Build.0 = Release|Any CPU
		{3EBED92F-6D71-4A96-A7D4-9028A71D2135}.Debug|Any CPU.ActiveCfg = Debug|Any CPU
		{3EBED92F-6D71-4A96-A7D4-9028A71D2135}.Debug|Any CPU.Build.0 = Debug|Any CPU
		{3EBED92F-6D71-4A96-A7D4-9028A71D2135}.Release|Any CPU.ActiveCfg = Release|Any CPU
		{3EBED92F-6D71-4A96-A7D4-9028A71D2135}.Release|Any CPU.Build.0 = Release|Any CPU
		{91CBBA2E-ADEE-466C-B142-922695A98DAC}.Debug|Any CPU.ActiveCfg = Debug|Any CPU
		{91CBBA2E-ADEE-466C-B142-922695A98DAC}.Debug|Any CPU.Build.0 = Debug|Any CPU
		{91CBBA2E-ADEE-466C-B142-922695A98DAC}.Release|Any CPU.ActiveCfg = Release|Any CPU
		{91CBBA2E-ADEE-466C-B142-922695A98DAC}.Release|Any CPU.Build.0 = Release|Any CPU
		{22AE8E7F-2EC6-4F95-99E2-DEE8AD98FC7C}.Debug|Any CPU.ActiveCfg = Debug|Any CPU
		{22AE8E7F-2EC6-4F95-99E2-DEE8AD98FC7C}.Debug|Any CPU.Build.0 = Debug|Any CPU
		{22AE8E7F-2EC6-4F95-99E2-DEE8AD98FC7C}.Release|Any CPU.ActiveCfg = Release|Any CPU
		{22AE8E7F-2EC6-4F95-99E2-DEE8AD98FC7C}.Release|Any CPU.Build.0 = Release|Any CPU
	EndGlobalSection
	GlobalSection(SolutionProperties) = preSolution
		HideSolutionNode = FALSE
	EndGlobalSection
	GlobalSection(NestedProjects) = preSolution
		{F6F46FD5-6BAE-4768-969D-94CB88FF5AFA} = {DA19A0A0-3962-4B7F-A30B-48D2330D83AA}
		{AA17D730-90E9-4EBF-AFD4-6F3BDDF1EB2D} = {DA19A0A0-3962-4B7F-A30B-48D2330D83AA}
		{8E40D555-600C-4F9E-A2AF-95ABBF973D8B} = {DA19A0A0-3962-4B7F-A30B-48D2330D83AA}
		{CFB93466-491B-40C7-B71D-D901243C5C44} = {DA19A0A0-3962-4B7F-A30B-48D2330D83AA}
		{9B2038A3-EFFC-4105-AEDE-868EEE957E6F} = {DA19A0A0-3962-4B7F-A30B-48D2330D83AA}
		{D89064AC-A164-450B-AB38-87A5882D604D} = {DA19A0A0-3962-4B7F-A30B-48D2330D83AA}
		{D0249BEE-0338-4F42-AE50-8D08C8B2A07D} = {33277444-9744-4531-BAC7-87ED3570BBD0}
		{3EBED92F-6D71-4A96-A7D4-9028A71D2135} = {DA19A0A0-3962-4B7F-A30B-48D2330D83AA}
		{91CBBA2E-ADEE-466C-B142-922695A98DAC} = {DA19A0A0-3962-4B7F-A30B-48D2330D83AA}
		{22AE8E7F-2EC6-4F95-99E2-DEE8AD98FC7C} = {DA19A0A0-3962-4B7F-A30B-48D2330D83AA}
	EndGlobalSection
	GlobalSection(ExtensibilityGlobals) = postSolution
		SolutionGuid = {2B264DFA-5AF3-414A-B00A-69217988CC21}
	EndGlobalSection
EndGlobal
